# @generated - this file is auto-generated by `mise lock` https://mise.en.dev/dev-tools/mise-lock.html

[[tools."asdf:https://github.com/asdf-community/asdf-aria2.git#410619ddcec0b7bfe7df34bd15ced4f4a245a444"]]
version = "1.37.0"
backend = "asdf:https://github.com/asdf-community/asdf-aria2.git#410619ddcec0b7bfe7df34bd15ced4f4a245a444"

[[tools.rust]]
version = "1.93.0"
backend = "core:rust"
